lockfileVersion: '9.0'

settings:
  autoInstallPeers: true
  excludeLinksFromLockfile: false

importers:

  .:
    dependencies:
      '@acidify/core':
        specifier: 1.6.3
        version: 1.6.3

packages:

  '@acidify/core@1.6.3':
    resolution: {integrity: sha512-sYy21zoU9P9CrVMrOG1tWeIdLsOtKkFd4oe08pBpPlzSzT7eDXEUzzbcIwxPph6IPr8YYYsBPYEah+bWgsCRHA==}

  fflate@0.8.3:
    resolution: {integrity: sha512-tbZNuJrLwGUp3zshBtdy4W+ORxZuIh8a5ilyIEQDC5rY1f3U20JMry0Ll3WBzU58EZKsEuJFXhb5gwv8CsPvgA==}

  ws@8.21.3:
    resolution: {integrity: sha512-201TZ/kPWxoPr/OKWjquZR1SWKXcvxdH+e1xrx89b3YbmzLMFCLfnaG1HFIgWzJOEWZ7MvpK++odZufgYR50Rw==}
    engines: {node: '>=10.0.0'}
    peerDependencies:
      bufferutil: ^4.0.1
      utf-8-validate: '>=5.0.2'
    peerDependenciesMeta:
      bufferutil:
        optional: true
      utf-8-validate:
        optional: true

snapshots:

  '@acidify/core@1.6.3':
    dependencies:
      fflate: 0.8.3
      ws: 8.21.3
    transitivePeerDependencies:
      - bufferutil
      - utf-8-validate

  fflate@0.8.3: {}

  ws@8.21.3: {}
